// !$*UTF8*$!
{
	archiveVersion = 1;
	classes = {
	};
	objectVersion = 46;
	objects = {

/* Begin PBXBuildFile section */
		2832AED8190C29A400F5935E /* Pods-acknowledgements.plist in Resources */ = {isa = PBXBuildFile; fileRef = 2832AED7190C29A400F5935E /* Pods-acknowledgements.plist */; };
		2873967419015FAF003C27B2 /* Foundation.framework in Frameworks */ = {isa = PBXBuildFile; fileRef = 2873967319015FAF003C27B2 /* Foundation.framework */; };
		2873967619015FAF003C27B2 /* CoreGraphics.framework in Frameworks */ = {isa = PBXBuildFile; fileRef = 2873967519015FAF003C27B2 /* CoreGraphics.framework */; };
		2873967819015FAF003C27B2 /* UIKit.framework in Frameworks */ = {isa = PBXBuildFile; fileRef = 2873967719015FAF003C27B2 /* UIKit.framework */; };
		2873967E19015FAF003C27B2 /* InfoPlist.strings in Resources */ = {isa = PBXBuildFile; fileRef = 2873967C19015FAF003C27B2 /* InfoPlist.strings */; };
		2873968019015FAF003C27B2 /* main.m in Sources */ = {isa = PBXBuildFile; fileRef = 2873967F19015FAF003C27B2 /* main.m */; };
		2873968419015FAF003C27B2 /* TRZAppDelegate.m in Sources */ = {isa = PBXBuildFile; fileRef = 2873968319015FAF003C27B2 /* TRZAppDelegate.m */; };
		2873968719015FAF003C27B2 /* Main.storyboard in Resources */ = {isa = PBXBuildFile; fileRef = 2873968519015FAF003C27B2 /* Main.storyboard */; };
		2873968A19015FAF003C27B2 /* TRZViewController.m in Sources */ = {isa = PBXBuildFile; fileRef = 2873968919015FAF003C27B2 /* TRZViewController.m */; };
		2873968C19015FAF003C27B2 /* Images.xcassets in Resources */ = {isa = PBXBuildFile; fileRef = 2873968B19015FAF003C27B2 /* Images.xcassets */; };
		2873969319015FAF003C27B2 /* XCTest.framework in Frameworks */ = {isa = PBXBuildFile; fileRef = 2873969219015FAF003C27B2 /* XCTest.framework */; };
		2873969419015FAF003C27B2 /* Foundation.framework in Frameworks */ = {isa = PBXBuildFile; fileRef = 2873967319015FAF003C27B2 /* Foundation.framework */; };
		2873969519015FAF003C27B2 /* UIKit.framework in Frameworks */ = {isa = PBXBuildFile; fileRef = 2873967719015FAF003C27B2 /* UIKit.framework */; };
		2873969D19015FAF003C27B2 /* InfoPlist.strings in Resources */ = {isa = PBXBuildFile; fileRef = 2873969B19015FAF003C27B2 /* InfoPlist.strings */; };
		2873969F19015FAF003C27B2 /* TRZSlideLicenseViewControllerTests.m in Sources */ = {isa = PBXBuildFile; fileRef = 2873969E19015FAF003C27B2 /* TRZSlideLicenseViewControllerTests.m */; };
		287396AE19016754003C27B2 /* TRZSlideLicenseScrollView.m in Sources */ = {isa = PBXBuildFile; fileRef = 287396AD19016754003C27B2 /* TRZSlideLicenseScrollView.m */; };
		287396B0190170A1003C27B2 /* TRZLicenseView.xib in Resources */ = {isa = PBXBuildFile; fileRef = 287396AF190170A1003C27B2 /* TRZLicenseView.xib */; };
		287396B319017400003C27B2 /* TRZLicenseView.m in Sources */ = {isa = PBXBuildFile; fileRef = 287396B219017400003C27B2 /* TRZLicenseView.m */; };
		287442C01906C8B90028C785 /* LICENSE in Resources */ = {isa = PBXBuildFile; fileRef = 287442BD1906C8B90028C785 /* LICENSE */; };
		287442C11906C8B90028C785 /* README.md in Resources */ = {isa = PBXBuildFile; fileRef = 287442BE1906C8B90028C785 /* README.md */; };
		287442C21906C8B90028C785 /* TRZSlideLicenseViewController.podspec in Resources */ = {isa = PBXBuildFile; fileRef = 287442BF1906C8B90028C785 /* TRZSlideLicenseViewController.podspec */; };
		287442C81906C9CB0028C785 /* TRZSlideLicenseViewController.m in Sources */ = {isa = PBXBuildFile; fileRef = 287442C71906C9CB0028C785 /* TRZSlideLicenseViewController.m */; };
/* End PBXBuildFile section */

/* Begin PBXContainerItemProxy section */
		2873969619015FAF003C27B2 /* PBXContainerItemProxy */ = {
			isa = PBXContainerItemProxy;
			containerPortal = 2873966819015FAF003C27B2 /* Project object */;
			proxyType = 1;
			remoteGlobalIDString = 2873966F19015FAF003C27B2;
			remoteInfo = TRZSlideLicenseViewController;
		};
/* End PBXContainerItemProxy section */

/* Begin PBXFileReference section */
		2832AED7190C29A400F5935E /* Pods-acknowledgements.plist */ = {isa = PBXFileReference; fileEncoding = 4; lastKnownFileType = text.plist.xml; path = "Pods-acknowledgements.plist"; sourceTree = "<group>"; };
		2873967019015FAF003C27B2 /* SlideLicenses.app */ = {isa = PBXFileReference; explicitFileType = wrapper.application; includeInIndex = 0; path = SlideLicenses.app; sourceTree = BUILT_PRODUCTS_DIR; };
		2873967319015FAF003C27B2 /* Foundation.framework */ = {isa = PBXFileReference; lastKnownFileType = wrapper.framework; name = Foundation.framework; path = System/Library/Frameworks/Foundation.framework; sourceTree = SDKROOT; };
		2873967519015FAF003C27B2 /* CoreGraphics.framework */ = {isa = PBXFileReference; lastKnownFileType = wrapper.framework; name = CoreGraphics.framework; path = System/Library/Frameworks/CoreGraphics.framework; sourceTree = SDKROOT; };
		2873967719015FAF003C27B2 /* UIKit.framework */ = {isa = PBXFileReference; lastKnownFileType = wrapper.framework; name = UIKit.framework; path = System/Library/Frameworks/UIKit.framework; sourceTree = SDKROOT; };
		2873967B19015FAF003C27B2 /* TRZSlideLicenseViewController-Info.plist */ = {isa = PBXFileReference; lastKnownFileType = text.plist.xml; path = "TRZSlideLicenseViewController-Info.plist"; sourceTree = "<group>"; };
		2873967D19015FAF003C27B2 /* en */ = {isa = PBXFileReference; lastKnownFileType = text.plist.strings; name = en; path = en.lproj/InfoPlist.strings; sourceTree = "<group>"; };
		2873967F19015FAF003C27B2 /* main.m */ = {isa = PBXFileReference; lastKnownFileType = sourcecode.c.objc; path = main.m; sourceTree = "<group>"; };
		2873968119015FAF003C27B2 /* TRZSlideLicenseViewController-Prefix.pch */ = {isa = PBXFileReference; lastKnownFileType = sourcecode.c.h; path = "TRZSlideLicenseViewController-Prefix.pch"; sourceTree = "<group>"; };
		2873968219015FAF003C27B2 /* TRZAppDelegate.h */ = {isa = PBXFileReference; lastKnownFileType = sourcecode.c.h; path = TRZAppDelegate.h; sourceTree = "<group>"; };
		2873968319015FAF003C27B2 /* TRZAppDelegate.m */ = {isa = PBXFileReference; lastKnownFileType = sourcecode.c.objc; path = TRZAppDelegate.m; sourceTree = "<group>"; };
		2873968619015FAF003C27B2 /* Base */ = {isa = PBXFileReference; lastKnownFileType = file.storyboard; name = Base; path = Base.lproj/Main.storyboard; sourceTree = "<group>"; };
		2873968819015FAF003C27B2 /* TRZViewController.h */ = {isa = PBXFileReference; lastKnownFileType = sourcecode.c.h; path = TRZViewController.h; sourceTree = "<group>"; };
		2873968919015FAF003C27B2 /* TRZViewController.m */ = {isa = PBXFileReference; lastKnownFileType = sourcecode.c.objc; path = TRZViewController.m; sourceTree = "<group>"; };
		2873968B19015FAF003C27B2 /* Images.xcassets */ = {isa = PBXFileReference; lastKnownFileType = folder.assetcatalog; path = Images.xcassets; sourceTree = "<group>"; };
		2873969119015FAF003C27B2 /* TRZSlideLicenseViewControllerTests.xctest */ = {isa = PBXFileReference; explicitFileType = wrapper.cfbundle; includeInIndex = 0; path = TRZSlideLicenseViewControllerTests.xctest; sourceTree = BUILT_PRODUCTS_DIR; };
		2873969219015FAF003C27B2 /* XCTest.framework */ = {isa = PBXFileReference; lastKnownFileType = wrapper.framework; name = XCTest.framework; path = Library/Frameworks/XCTest.framework; sourceTree = DEVELOPER_DIR; };
		2873969A19015FAF003C27B2 /* TRZSlideLicenseViewControllerTests-Info.plist */ = {isa = PBXFileReference; lastKnownFileType = text.plist.xml; path = "TRZSlideLicenseViewControllerTests-Info.plist"; sourceTree = "<group>"; };
		2873969C19015FAF003C27B2 /* en */ = {isa = PBXFileReference; lastKnownFileType = text.plist.strings; name = en; path = en.lproj/InfoPlist.strings; sourceTree = "<group>"; };
		2873969E19015FAF003C27B2 /* TRZSlideLicenseViewControllerTests.m */ = {isa = PBXFileReference; lastKnownFileType = sourcecode.c.objc; path = TRZSlideLicenseViewControllerTests.m; sourceTree = "<group>"; };
		287396AC19016754003C27B2 /* TRZSlideLicenseScrollView.h */ = {isa = PBXFileReference; fileEncoding = 4; lastKnownFileType = sourcecode.c.h; path = TRZSlideLicenseScrollView.h; sourceTree = "<group>"; };
		287396AD19016754003C27B2 /* TRZSlideLicenseScrollView.m */ = {isa = PBXFileReference; fileEncoding = 4; lastKnownFileType = sourcecode.c.objc; path = TRZSlideLicenseScrollView.m; sourceTree = "<group>"; };
		287396AF190170A1003C27B2 /* TRZLicenseView.xib */ = {isa = PBXFileReference; fileEncoding = 4; lastKnownFileType = file.xib; path = TRZLicenseView.xib; sourceTree = "<group>"; };
		287396B119017400003C27B2 /* TRZLicenseView.h */ = {isa = PBXFileReference; fileEncoding = 4; lastKnownFileType = sourcecode.c.h; path = TRZLicenseView.h; sourceTree = "<group>"; };
		287396B219017400003C27B2 /* TRZLicenseView.m */ = {isa = PBXFileReference; fileEncoding = 4; lastKnownFileType = sourcecode.c.objc; path = TRZLicenseView.m; sourceTree = "<group>"; };
		287442BD1906C8B90028C785 /* LICENSE */ = {isa = PBXFileReference; fileEncoding = 4; lastKnownFileType = text; path = LICENSE; sourceTree = "<group>"; };
		287442BE1906C8B90028C785 /* README.md */ = {isa = PBXFileReference; fileEncoding = 4; lastKnownFileType = text; path = README.md; sourceTree = "<group>"; };
		287442BF1906C8B90028C785 /* TRZSlideLicenseViewController.podspec */ = {isa = PBXFileReference; fileEncoding = 4; lastKnownFileType = text; path = TRZSlideLicenseViewController.podspec; sourceTree = "<group>"; };
		287442C61906C9CB0028C785 /* TRZSlideLicenseViewController.h */ = {isa = PBXFileReference; fileEncoding = 4; lastKnownFileType = sourcecode.c.h; path = TRZSlideLicenseViewController.h; sourceTree = "<group>"; };
		287442C71906C9CB0028C785 /* TRZSlideLicenseViewController.m */ = {isa = PBXFileReference; fileEncoding = 4; lastKnownFileType = sourcecode.c.objc; path = TRZSlideLicenseViewController.m; sourceTree = "<group>"; };
/* End PBXFileReference section */

/* Begin PBXFrameworksBuildPhase section */
		2873966D19015FAF003C27B2 /* Frameworks */ = {
			isa = PBXFrameworksBuildPhase;
			buildActionMask = 2147483647;
			files = (
				2873967619015FAF003C27B2 /* CoreGraphics.framework in Frameworks */,
				2873967819015FAF003C27B2 /* UIKit.framework in Frameworks */,
				2873967419015FAF003C27B2 /* Foundation.framework in Frameworks */,
			);
			runOnlyForDeploymentPostprocessing = 0;
		};
		2873968E19015FAF003C27B2 /* Frameworks */ = {
			isa = PBXFrameworksBuildPhase;
			buildActionMask = 2147483647;
			files = (
				2873969319015FAF003C27B2 /* XCTest.framework in Frameworks */,
				2873969519015FAF003C27B2 /* UIKit.framework in Frameworks */,
				2873969419015FAF003C27B2 /* Foundation.framework in Frameworks */,
			);
			runOnlyForDeploymentPostprocessing = 0;
		};
/* End PBXFrameworksBuildPhase section */

/* Begin PBXGroup section */
		2873966719015FAF003C27B2 = {
			isa = PBXGroup;
			children = (
				287442BE1906C8B90028C785 /* README.md */,
				287442BD1906C8B90028C785 /* LICENSE */,
				287442BF1906C8B90028C785 /* TRZSlideLicenseViewController.podspec */,
				287396A819015FBA003C27B2 /* src */,
				2873967919015FAF003C27B2 /* TRZSlideLicenseViewControllerDemo */,
				2873969819015FAF003C27B2 /* TRZSlideLicenseViewControllerTests */,
				2873967219015FAF003C27B2 /* Frameworks */,
				2873967119015FAF003C27B2 /* Products */,
			);
			sourceTree = "<group>";
		};
		2873967119015FAF003C27B2 /* Products */ = {
			isa = PBXGroup;
			children = (
				2873967019015FAF003C27B2 /* SlideLicenses.app */,
				2873969119015FAF003C27B2 /* TRZSlideLicenseViewControllerTests.xctest */,
			);
			name = Products;
			sourceTree = "<group>";
		};
		2873967219015FAF003C27B2 /* Frameworks */ = {
			isa = PBXGroup;
			children = (
				2873967319015FAF003C27B2 /* Foundation.framework */,
				2873967519015FAF003C27B2 /* CoreGraphics.framework */,
				2873967719015FAF003C27B2 /* UIKit.framework */,
				2873969219015FAF003C27B2 /* XCTest.framework */,
			);
			name = Frameworks;
			sourceTree = "<group>";
		};
		2873967919015FAF003C27B2 /* TRZSlideLicenseViewControllerDemo */ = {
			isa = PBXGroup;
			children = (
				2832AED7190C29A400F5935E /* Pods-acknowledgements.plist */,
				2873968219015FAF003C27B2 /* TRZAppDelegate.h */,
				2873968319015FAF003C27B2 /* TRZAppDelegate.m */,
				2873968519015FAF003C27B2 /* Main.storyboard */,
				2873968819015FAF003C27B2 /* TRZViewController.h */,
				2873968919015FAF003C27B2 /* TRZViewController.m */,
				2873968B19015FAF003C27B2 /* Images.xcassets */,
				2873967A19015FAF003C27B2 /* Supporting Files */,
			);
			name = TRZSlideLicenseViewControllerDemo;
			path = TRZSlideLicenseViewController;
			sourceTree = "<group>";
		};
		2873967A19015FAF003C27B2 /* Supporting Files */ = {
			isa = PBXGroup;
			children = (
				2873967B19015FAF003C27B2 /* TRZSlideLicenseViewController-Info.plist */,
				2873967C19015FAF003C27B2 /* InfoPlist.strings */,
				2873967F19015FAF003C27B2 /* main.m */,
				2873968119015FAF003C27B2 /* TRZSlideLicenseViewController-Prefix.pch */,
			);
			name = "Supporting Files";
			sourceTree = "<group>";
		};
		2873969819015FAF003C27B2 /* TRZSlideLicenseViewControllerTests */ = {
			isa = PBXGroup;
			children = (
				2873969E19015FAF003C27B2 /* TRZSlideLicenseViewControllerTests.m */,
				2873969919015FAF003C27B2 /* Supporting Files */,
			);
			path = TRZSlideLicenseViewControllerTests;
			sourceTree = "<group>";
		};
		2873969919015FAF003C27B2 /* Supporting Files */ = {
			isa = PBXGroup;
			children = (
				2873969A19015FAF003C27B2 /* TRZSlideLicenseViewControllerTests-Info.plist */,
				2873969B19015FAF003C27B2 /* InfoPlist.strings */,
			);
			name = "Supporting Files";
			sourceTree = "<group>";
		};
		287396A819015FBA003C27B2 /* src */ = {
			isa = PBXGroup;
			children = (
				287442C61906C9CB0028C785 /* TRZSlideLicenseViewController.h */,
				287442C71906C9CB0028C785 /* TRZSlideLicenseViewController.m */,
				287396AC19016754003C27B2 /* TRZSlideLicenseScrollView.h */,
				287396AD19016754003C27B2 /* TRZSlideLicenseScrollView.m */,
				287396B119017400003C27B2 /* TRZLicenseView.h */,
				287396B219017400003C27B2 /* TRZLicenseView.m */,
				287396AF190170A1003C27B2 /* TRZLicenseView.xib */,
			);
			path = src;
			sourceTree = "<group>";
		};
/* End PBXGroup section */

/* Begin PBXNativeTarget section */
		2873966F19015FAF003C27B2 /* TRZSlideLicenseViewController */ = {
			isa = PBXNativeTarget;
			buildConfigurationList = 287396A219015FAF003C27B2 /* Build configuration list for PBXNativeTarget "TRZSlideLicenseViewController" */;
			buildPhases = (
				2873966C19015FAF003C27B2 /* Sources */,
				2873966D19015FAF003C27B2 /* Frameworks */,
				2873966E19015FAF003C27B2 /* Resources */,
			);
			buildRules = (
			);
			dependencies = (
			);
			name = TRZSlideLicenseViewController;
			productName = TRZSlideLicenseViewController;
			productReference = 2873967019015FAF003C27B2 /* SlideLicenses.app */;
			productType = "com.apple.product-type.application";
		};
		2873969019015FAF003C27B2 /* TRZSlideLicenseViewControllerTests */ = {
			isa = PBXNativeTarget;
			buildConfigurationList = 287396A519015FAF003C27B2 /* Build configuration list for PBXNativeTarget "TRZSlideLicenseViewControllerTests" */;
			buildPhases = (
				2873968D19015FAF003C27B2 /* Sources */,
				2873968E19015FAF003C27B2 /* Frameworks */,
				2873968F19015FAF003C27B2 /* Resources */,
			);
			buildRules = (
			);
			dependencies = (
				2873969719015FAF003C27B2 /* PBXTargetDependency */,
			);
			name = TRZSlideLicenseViewControllerTests;
			productName = TRZSlideLicenseViewControllerTests;
			productReference = 2873969119015FAF003C27B2 /* TRZSlideLicenseViewControllerTests.xctest */;
			productType = "com.apple.product-type.bundle.unit-test";
		};
/* End PBXNativeTarget section */

/* Begin PBXProject section */
		2873966819015FAF003C27B2 /* Project object */ = {
			isa = PBXProject;
			attributes = {
				CLASSPREFIX = TRZ;
				LastUpgradeCheck = 0510;
				ORGANIZATIONNAME = yam;
				TargetAttributes = {
					2873969019015FAF003C27B2 = {
						TestTargetID = 2873966F19015FAF003C27B2;
					};
				};
			};
			buildConfigurationList = 2873966B19015FAF003C27B2 /* Build configuration list for PBXProject "TRZSlideLicenseViewController" */;
			compatibilityVersion = "Xcode 3.2";
			developmentRegion = English;
			hasScannedForEncodings = 0;
			knownRegions = (
				en,
				Base,
			);
			mainGroup = 2873966719015FAF003C27B2;
			productRefGroup = 2873967119015FAF003C27B2 /* Products */;
			projectDirPath = "";
			projectRoot = "";
			targets = (
				2873966F19015FAF003C27B2 /* TRZSlideLicenseViewController */,
				2873969019015FAF003C27B2 /* TRZSlideLicenseViewControllerTests */,
			);
		};
/* End PBXProject section */

/* Begin PBXResourcesBuildPhase section */
		2873966E19015FAF003C27B2 /* Resources */ = {
			isa = PBXResourcesBuildPhase;
			buildActionMask = 2147483647;
			files = (
				287442C11906C8B90028C785 /* README.md in Resources */,
				2873968C19015FAF003C27B2 /* Images.xcassets in Resources */,
				287396B0190170A1003C27B2 /* TRZLicenseView.xib in Resources */,
				2832AED8190C29A400F5935E /* Pods-acknowledgements.plist in Resources */,
				2873967E19015FAF003C27B2 /* InfoPlist.strings in Resources */,
				287442C21906C8B90028C785 /* TRZSlideLicenseViewController.podspec in Resources */,
				2873968719015FAF003C27B2 /* Main.storyboard in Resources */,
				287442C01906C8B90028C785 /* LICENSE in Resources */,
			);
			runOnlyForDeploymentPostprocessing = 0;
		};
		2873968F19015FAF003C27B2 /* Resources */ = {
			isa = PBXResourcesBuildPhase;
			buildActionMask = 2147483647;
			files = (
				2873969D19015FAF003C27B2 /* InfoPlist.strings in Resources */,
			);
			runOnlyForDeploymentPostprocessing = 0;
		};
/* End PBXResourcesBuildPhase section */

/* Begin PBXSourcesBuildPhase section */
		2873966C19015FAF003C27B2 /* Sources */ = {
			isa = PBXSourcesBuildPhase;
			buildActionMask = 2147483647;
			files = (
				2873968019015FAF003C27B2 /* main.m in Sources */,
				287442C81906C9CB0028C785 /* TRZSlideLicenseViewController.m in Sources */,
				287396B319017400003C27B2 /* TRZLicenseView.m in Sources */,
				287396AE19016754003C27B2 /* TRZSlideLicenseScrollView.m in Sources */,
				2873968A19015FAF003C27B2 /* TRZViewController.m in Sources */,
				2873968419015FAF003C27B2 /* TRZAppDelegate.m in Sources */,
			);
			runOnlyForDeploymentPostprocessing = 0;
		};
		2873968D19015FAF003C27B2 /* Sources */ = {
			isa = PBXSourcesBuildPhase;
			buildActionMask = 2147483647;
			files = (
				2873969F19015FAF003C27B2 /* TRZSlideLicenseViewControllerTests.m in Sources */,
			);
			runOnlyForDeploymentPostprocessing = 0;
		};
/* End PBXSourcesBuildPhase section */

/* Begin PBXTargetDependency section */
		2873969719015FAF003C27B2 /* PBXTargetDependency */ = {
			isa = PBXTargetDependency;
			target = 2873966F19015FAF003C27B2 /* TRZSlideLicenseViewController */;
			targetProxy = 2873969619015FAF003C27B2 /* PBXContainerItemProxy */;
		};
/* End PBXTargetDependency section */

/* Begin PBXVariantGroup section */
		2873967C19015FAF003C27B2 /* InfoPlist.strings */ = {
			isa = PBXVariantGroup;
			children = (
				2873967D19015FAF003C27B2 /* en */,
			);
			name = InfoPlist.strings;
			sourceTree = "<group>";
		};
		2873968519015FAF003C27B2 /* Main.storyboard */ = {
			isa = PBXVariantGroup;
			children = (
				2873968619015FAF003C27B2 /* Base */,
			);
			name = Main.storyboard;
			sourceTree = "<group>";
		};
		2873969B19015FAF003C27B2 /* InfoPlist.strings */ = {
			isa = PBXVariantGroup;
			children = (
				2873969C19015FAF003C27B2 /* en */,
			);
			name = InfoPlist.strings;
			sourceTree = "<group>";
		};
/* End PBXVariantGroup section */

/* Begin XCBuildConfiguration section */
		287396A019015FAF003C27B2 /* Debug */ = {
			isa = XCBuildConfiguration;
			buildSettings = {
				ALWAYS_SEARCH_USER_PATHS = NO;
				CLANG_CXX_LANGUAGE_STANDARD = "gnu++0x";
				CLANG_CXX_LIBRARY = "libc++";
				CLANG_ENABLE_MODULES = YES;
				CLANG_ENABLE_OBJC_ARC = YES;
				CLANG_WARN_BOOL_CONVERSION = YES;
				CLANG_WARN_CONSTANT_CONVERSION = YES;
				CLANG_WARN_DIRECT_OBJC_ISA_USAGE = YES_ERROR;
				CLANG_WARN_EMPTY_BODY = YES;
				CLANG_WARN_ENUM_CONVERSION = YES;
				CLANG_WARN_INT_CONVERSION = YES;
				CLANG_WARN_OBJC_ROOT_CLASS = YES_ERROR;
				CLANG_WARN__DUPLICATE_METHOD_MATCH = YES;
				"CODE_SIGN_IDENTITY[sdk=iphoneos*]" = "iPhone Developer";
				COPY_PHASE_STRIP = NO;
				GCC_C_LANGUAGE_STANDARD = gnu99;
				GCC_DYNAMIC_NO_PIC = NO;
				GCC_OPTIMIZATION_LEVEL = 0;
				GCC_PREPROCESSOR_DEFINITIONS = (
					"DEBUG=1",
					"$(inherited)",
				);
				GCC_SYMBOLS_PRIVATE_EXTERN = NO;
				GCC_WARN_64_TO_32_BIT_CONVERSION = YES;
				GCC_WARN_ABOUT_RETURN_TYPE = YES_ERROR;
				GCC_WARN_UNDECLARED_SELECTOR = YES;
				GCC_WARN_UNINITIALIZED_AUTOS = YES_AGGRESSIVE;
				GCC_WARN_UNUSED_FUNCTION = YES;
				GCC_WARN_UNUSED_VARIABLE = YES;
				IPHONEOS_DEPLOYMENT_TARGET = 7.1;
				ONLY_ACTIVE_ARCH = YES;
				SDKROOT = iphoneos;
			};
			name = Debug;
		};
		287396A119015FAF003C27B2 /* Release */ = {
			isa = XCBuildConfiguration;
			buildSettings = {
				ALWAYS_SEARCH_USER_PATHS = NO;
				CLANG_CXX_LANGUAGE_STANDARD = "gnu++0x";
				CLANG_CXX_LIBRARY = "libc++";
				CLANG_ENABLE_MODULES = YES;
				CLANG_ENABLE_OBJC_ARC = YES;
				CLANG_WARN_BOOL_CONVERSION = YES;
				CLANG_WARN_CONSTANT_CONVERSION = YES;
				CLANG_WARN_DIRECT_OBJC_ISA_USAGE = YES_ERROR;
				CLANG_WARN_EMPTY_BODY = YES;
				CLANG_WARN_ENUM_CONVERSION = YES;
				CLANG_WARN_INT_CONVERSION = YES;
				CLANG_WARN_OBJC_ROOT_CLASS = YES_ERROR;
				CLANG_WARN__DUPLICATE_METHOD_MATCH = YES;
				"CODE_SIGN_IDENTITY[sdk=iphoneos*]" = "iPhone Developer";
				COPY_PHASE_STRIP = YES;
				ENABLE_NS_ASSERTIONS = NO;
				GCC_C_LANGUAGE_STANDARD = gnu99;
				GCC_WARN_64_TO_32_BIT_CONVERSION = YES;
				GCC_WARN_ABOUT_RETURN_TYPE = YES_ERROR;
				GCC_WARN_UNDECLARED_SELECTOR = YES;
				GCC_WARN_UNINITIALIZED_AUTOS = YES_AGGRESSIVE;
				GCC_WARN_UNUSED_FUNCTION = YES;
				GCC_WARN_UNUSED_VARIABLE = YES;
				IPHONEOS_DEPLOYMENT_TARGET = 7.1;
				SDKROOT = iphoneos;
				VALIDATE_PRODUCT = YES;
			};
			name = Release;
		};
		287396A319015FAF003C27B2 /* Debug */ = {
			isa = XCBuildConfiguration;
			buildSettings = {
				ASSETCATALOG_COMPILER_APPICON_NAME = AppIcon;
				ASSETCATALOG_COMPILER_LAUNCHIMAGE_NAME = LaunchImage;
				GCC_PRECOMPILE_PREFIX_HEADER = YES;
				GCC_PREFIX_HEADER = "TRZSlideLicenseViewController/TRZSlideLicenseViewController-Prefix.pch";
				INFOPLIST_FILE = "TRZSlideLicenseViewController/TRZSlideLicenseViewController-Info.plist";
				PRODUCT_NAME = SlideLicenses;
				WRAPPER_EXTENSION = app;
			};
			name = Debug;
		};
		287396A419015FAF003C27B2 /* Release */ = {
			isa = XCBuildConfiguration;
			buildSettings = {
				ASSETCATALOG_COMPILER_APPICON_NAME = AppIcon;
				ASSETCATALOG_COMPILER_LAUNCHIMAGE_NAME = LaunchImage;
				GCC_PRECOMPILE_PREFIX_HEADER = YES;
				GCC_PREFIX_HEADER = "TRZSlideLicenseViewController/TRZSlideLicenseViewController-Prefix.pch";
				INFOPLIST_FILE = "TRZSlideLicenseViewController/TRZSlideLicenseViewController-Info.plist";
				PRODUCT_NAME = SlideLicenses;
				WRAPPER_EXTENSION = app;
			};
			name = Release;
		};
		287396A619015FAF003C27B2 /* Debug */ = {
			isa = XCBuildConfiguration;
			buildSettings = {
				BUNDLE_LOADER = "$(BUILT_PRODUCTS_DIR)/TRZSlideLicenseViewController.app/TRZSlideLicenseViewController";
				FRAMEWORK_SEARCH_PATHS = (
					"$(SDKROOT)/Developer/Library/Frameworks",
					"$(inherited)",
					"$(DEVELOPER_FRAMEWORKS_DIR)",
				);
				GCC_PRECOMPILE_PREFIX_HEADER = YES;
				GCC_PREFIX_HEADER = "TRZSlideLicenseViewController/TRZSlideLicenseViewController-Prefix.pch";
				GCC_PREPROCESSOR_DEFINITIONS = (
					"DEBUG=1",
					"$(inherited)",
				);
				INFOPLIST_FILE = "TRZSlideLicenseViewControllerTests/TRZSlideLicenseViewControllerTests-Info.plist";
				PRODUCT_NAME = "$(TARGET_NAME)";
				TEST_HOST = "$(BUNDLE_LOADER)";
				WRAPPER_EXTENSION = xctest;
			};
			name = Debug;
		};
		287396A719015FAF003C27B2 /* Release */ = {
			isa = XCBuildConfiguration;
			buildSettings = {
				BUNDLE_LOADER = "$(BUILT_PRODUCTS_DIR)/TRZSlideLicenseViewController.app/TRZSlideLicenseViewController";
				FRAMEWORK_SEARCH_PATHS = (
					"$(SDKROOT)/Developer/Library/Frameworks",
					"$(inherited)",
					"$(DEVELOPER_FRAMEWORKS_DIR)",
				);
				GCC_PRECOMPILE_PREFIX_HEADER = YES;
				GCC_PREFIX_HEADER = "TRZSlideLicenseViewController/TRZSlideLicenseViewController-Prefix.pch";
				INFOPLIST_FILE = "TRZSlideLicenseViewControllerTests/TRZSlideLicenseViewControllerTests-Info.plist";
				PRODUCT_NAME = "$(TARGET_NAME)";
				TEST_HOST = "$(BUNDLE_LOADER)";
				WRAPPER_EXTENSION = xctest;
			};
			name = Release;
		};
/* End XCBuildConfiguration section */

/* Begin XCConfigurationList section */
		2873966B19015FAF003C27B2 /* Build configuration list for PBXProject "TRZSlideLicenseViewController" */ = {
			isa = XCConfigurationList;
			buildConfigurations = (
				287396A019015FAF003C27B2 /* Debug */,
				287396A119015FAF003C27B2 /* Release */,
			);
			defaultConfigurationIsVisible = 0;
			defaultConfigurationName = Release;
		};
		287396A219015FAF003C27B2 /* Build configuration list for PBXNativeTarget "TRZSlideLicenseViewController" */ = {
			isa = XCConfigurationList;
			buildConfigurations = (
				287396A319015FAF003C27B2 /* Debug */,
				287396A419015FAF003C27B2 /* Release */,
			);
			defaultConfigurationIsVisible = 0;
			defaultConfigurationName = Release;
		};
		287396A519015FAF003C27B2 /* Build configuration list for PBXNativeTarget "TRZSlideLicenseViewControllerTests" */ = {
			isa = XCConfigurationList;
			buildConfigurations = (
				287396A619015FAF003C27B2 /* Debug */,
				287396A719015FAF003C27B2 /* Release */,
			);
			defaultConfigurationIsVisible = 0;
			defaultConfigurationName = Release;
		};
/* End XCConfigurationList section */
	};
	rootObject = 2873966819015FAF003C27B2 /* Project object */;
}
